{
  "requires": true,
  "lockfileVersion": 1,
  "dependencies": {
    "lit-element": {
      "version": "2.3.1",
      "resolved": "https://registry.npm.taobao.org/lit-element/download/lit-element-2.3.1.tgz",
      "integrity": "sha1-czQ7l4+h5z1gUmxrtq1g9ToWw0M=",
      "requires": {
        "lit-html": "^1.1.1"
      }
    },
    "lit-html": {
      "version": "1.2.1",
      "resolved": "https://registry.npm.taobao.org/lit-html/download/lit-html-1.2.1.tgz",
      "integrity": "sha1-H7kz3B4t3AlfYLgIYnfU/NnWLMg="
    },
    "wired-button": {
      "version": "2.1.0",
      "resolved": "https://registry.npm.taobao.org/wired-button/download/wired-button-2.1.0.tgz",
      "integrity": "sha1-9BVEyQRJyd50G2X+udStbQdGbP0=",
      "requires": {
        "lit-element": "^2.3.1",
        "wired-lib": "^2.1.0"
      }
    },
    "wired-calendar": {
      "version": "2.1.1",
      "resolved": "https://registry.npm.taobao.org/wired-calendar/download/wired-calendar-2.1.1.tgz",
      "integrity": "sha1-NMP6Hs4HHJPAlXJemiUXRZXEd4s=",
      "requires": {
        "lit-element": "^2.3.1",
        "wired-lib": "^2.1.0"
      }
    },
    "wired-card": {
      "version": "2.1.0",
      "resolved": "https://registry.npm.taobao.org/wired-card/download/wired-card-2.1.0.tgz",
      "integrity": "sha1-u1ogEpCHyxpFJfkVHRwIAoqMmtY=",
      "requires": {
        "lit-element": "^2.3.1",
        "wired-lib": "^2.1.0"
      }
    },
    "wired-checkbox": {
      "version": "2.1.0",
      "resolved": "https://registry.npm.taobao.org/wired-checkbox/download/wired-checkbox-2.1.0.tgz",
      "integrity": "sha1-QQYJxEYQOLspqaK0IPX/s6a78NM=",
      "requires": {
        "lit-element": "^2.3.1",
        "wired-lib": "^2.1.0"
      }
    },
    "wired-combo": {
      "version": "2.1.0",
      "resolved": "https://registry.npm.taobao.org/wired-combo/download/wired-combo-2.1.0.tgz",
      "integrity": "sha1-VEG7W2j/vLHbpMqSqqh3Rk+Owm0=",
      "requires": {
        "lit-element": "^2.3.1",
        "wired-card": "^2.1.0",
        "wired-lib": "^2.1.0"
      }
    },
    "wired-dialog": {
      "version": "2.1.0",
      "resolved": "https://registry.npm.taobao.org/wired-dialog/download/wired-dialog-2.1.0.tgz",
      "integrity": "sha1-aMAtFSM4nO/vhLg1rix/1fQBPPY=",
      "requires": {
        "lit-element": "^2.3.1",
        "wired-card": "^2.1.0"
      }
    },
    "wired-divider": {
      "version": "2.1.0",
      "resolved": "https://registry.npm.taobao.org/wired-divider/download/wired-divider-2.1.0.tgz",
      "integrity": "sha1-0eSKukvFylXMDdRNnTleNZml5uk=",
      "requires": {
        "lit-element": "^2.3.1",
        "wired-lib": "^2.1.0"
      }
    },
    "wired-elements": {
      "version": "2.1.2",
      "resolved": "https://registry.npm.taobao.org/wired-elements/download/wired-elements-2.1.2.tgz",
      "integrity": "sha1-TMEAPfiZtyQg5S353THVQ6HRnkU=",
      "requires": {
        "lit-element": "^2.3.1",
        "wired-button": "^2.1.0",
        "wired-calendar": "^2.1.1",
        "wired-card": "^2.1.0",
        "wired-checkbox": "^2.1.0",
        "wired-combo": "^2.1.0",
        "wired-dialog": "^2.1.0",
        "wired-divider": "^2.1.0",
        "wired-fab": "^2.1.0",
        "wired-icon-button": "^2.1.0",
        "wired-image": "^2.1.0",
        "wired-input": "^2.1.1",
        "wired-item": "^2.1.0",
        "wired-lib": "^2.1.0",
        "wired-link": "^2.1.0",
        "wired-listbox": "^2.1.0",
        "wired-progress": "^2.1.0",
        "wired-radio": "^2.1.0",
        "wired-radio-group": "^2.1.0",
        "wired-search-input": "^2.1.0",
        "wired-slider": "^2.1.2",
        "wired-spinner": "^2.1.0",
        "wired-tab": "^2.1.0",
        "wired-tabs": "^2.1.1",
        "wired-textarea": "^2.1.0",
        "wired-toggle": "^2.1.0",
        "wired-video": "^2.1.2"
      }
    },
    "wired-fab": {
      "version": "2.1.0",
      "resolved": "https://registry.npm.taobao.org/wired-fab/download/wired-fab-2.1.0.tgz",
      "integrity": "sha1-v/bc9n0Qa4RS75reEi9hzJvjm1M=",
      "requires": {
        "lit-element": "^2.3.1",
        "wired-lib": "^2.1.0"
      }
    },
    "wired-icon-button": {
      "version": "2.1.0",
      "resolved": "https://registry.npm.taobao.org/wired-icon-button/download/wired-icon-button-2.1.0.tgz",
      "integrity": "sha1-KNWDwmPzyUy8HjC+Ks9x0R2SxsY=",
      "requires": {
        "lit-element": "^2.3.1",
        "wired-lib": "^2.1.0"
      }
    },
    "wired-image": {
      "version": "2.1.0",
      "resolved": "https://registry.npm.taobao.org/wired-image/download/wired-image-2.1.0.tgz",
      "integrity": "sha1-pQRLdSbWjxVUnw5irhlKgn6D2Hg=",
      "requires": {
        "lit-element": "^2.3.1",
        "wired-lib": "^2.1.0"
      }
    },
    "wired-input": {
      "version": "2.1.1",
      "resolved": "https://registry.npm.taobao.org/wired-input/download/wired-input-2.1.1.tgz",
      "integrity": "sha1-HxpKu7wvZUQlGw2SzuyDHrxlCwY=",
      "requires": {
        "lit-element": "^2.3.1",
        "wired-lib": "^2.1.0"
      }
    },
    "wired-item": {
      "version": "2.1.0",
      "resolved": "https://registry.npm.taobao.org/wired-item/download/wired-item-2.1.0.tgz",
      "integrity": "sha1-PBGcjeRD75OwJFvC1lOBvT4RFag=",
      "requires": {
        "lit-element": "^2.3.1",
        "wired-lib": "^2.1.0"
      }
    },
    "wired-lib": {
      "version": "2.1.0",
      "resolved": "https://registry.npm.taobao.org/wired-lib/download/wired-lib-2.1.0.tgz",
      "integrity": "sha1-jkLNUTsFf/u0wwI3JZDRVl8TzjI=",
      "requires": {
        "lit-element": "^2.3.1"
      }
    },
    "wired-link": {
      "version": "2.1.0",
      "resolved": "https://registry.npm.taobao.org/wired-link/download/wired-link-2.1.0.tgz",
      "integrity": "sha1-DYLfIsXFh0p5Fx57i6pB308NLhk=",
      "requires": {
        "lit-element": "^2.3.1",
        "wired-lib": "^2.1.0"
      }
    },
    "wired-listbox": {
      "version": "2.1.0",
      "resolved": "https://registry.npm.taobao.org/wired-listbox/download/wired-listbox-2.1.0.tgz",
      "integrity": "sha1-SN3cKe268gAWeg7kcU9AlaMC7c4=",
      "requires": {
        "lit-element": "^2.3.1",
        "wired-lib": "^2.1.0"
      }
    },
    "wired-progress": {
      "version": "2.1.0",
      "resolved": "https://registry.npm.taobao.org/wired-progress/download/wired-progress-2.1.0.tgz",
      "integrity": "sha1-8bQDM1A/gg5A5CowVWPVyxkxAJg=",
      "requires": {
        "lit-element": "^2.3.1",
        "wired-lib": "^2.1.0"
      }
    },
    "wired-radio": {
      "version": "2.1.0",
      "resolved": "https://registry.npm.taobao.org/wired-radio/download/wired-radio-2.1.0.tgz",
      "integrity": "sha1-ANdE/W2P/FOpdrFKN0+Gi6RPf9g=",
      "requires": {
        "lit-element": "^2.3.1",
        "wired-lib": "^2.1.0"
      }
    },
    "wired-radio-group": {
      "version": "2.1.0",
      "resolved": "https://registry.npm.taobao.org/wired-radio-group/download/wired-radio-group-2.1.0.tgz",
      "integrity": "sha1-5fKHCAPGyoCwr3LACCNRy7FmBqQ=",
      "requires": {
        "lit-element": "^2.3.1",
        "wired-lib": "^2.1.0"
      }
    },
    "wired-search-input": {
      "version": "2.1.0",
      "resolved": "https://registry.npm.taobao.org/wired-search-input/download/wired-search-input-2.1.0.tgz",
      "integrity": "sha1-CO34K5/CUBevh1+bk1bOqNytuOA=",
      "requires": {
        "lit-element": "^2.3.1",
        "wired-lib": "^2.1.0"
      }
    },
    "wired-slider": {
      "version": "2.1.2",
      "resolved": "https://registry.npm.taobao.org/wired-slider/download/wired-slider-2.1.2.tgz",
      "integrity": "sha1-KSqXu5gnc/nkvQPRT3m0nLbfWuw=",
      "requires": {
        "lit-element": "^2.3.1",
        "wired-lib": "^2.1.0"
      }
    },
    "wired-spinner": {
      "version": "2.1.0",
      "resolved": "https://registry.npm.taobao.org/wired-spinner/download/wired-spinner-2.1.0.tgz",
      "integrity": "sha1-Cn+372dwLADmazODIIsrwJvCX6o=",
      "requires": {
        "lit-element": "^2.3.1",
        "wired-lib": "^2.1.0"
      }
    },
    "wired-tab": {
      "version": "2.1.0",
      "resolved": "https://registry.npm.taobao.org/wired-tab/download/wired-tab-2.1.0.tgz",
      "integrity": "sha1-nRZXnUqF05iH4IGIg2XnTnefqUg=",
      "requires": {
        "lit-element": "^2.3.1",
        "wired-item": "^2.1.0",
        "wired-lib": "^2.1.0"
      }
    },
    "wired-tabs": {
      "version": "2.1.1",
      "resolved": "https://registry.npm.taobao.org/wired-tabs/download/wired-tabs-2.1.1.tgz",
      "integrity": "sha1-pmbcrFR3kss+BXUnJCXfbZRHFDM=",
      "requires": {
        "lit-element": "^2.3.1",
        "wired-lib": "^2.1.0"
      }
    },
    "wired-textarea": {
      "version": "2.1.0",
      "resolved": "https://registry.npm.taobao.org/wired-textarea/download/wired-textarea-2.1.0.tgz",
      "integrity": "sha1-aNGBoVCJW0RfYoblB1eyQUDhDGE=",
      "requires": {
        "lit-element": "^2.3.1",
        "wired-lib": "^2.1.0"
      }
    },
    "wired-toggle": {
      "version": "2.1.0",
      "resolved": "https://registry.npm.taobao.org/wired-toggle/download/wired-toggle-2.1.0.tgz",
      "integrity": "sha1-M9Ji24ADLiHZiDhbAz6P3mqjS3g=",
      "requires": {
        "lit-element": "^2.3.1",
        "wired-lib": "^2.1.0"
      }
    },
    "wired-video": {
      "version": "2.1.2",
      "resolved": "https://registry.npm.taobao.org/wired-video/download/wired-video-2.1.2.tgz",
      "integrity": "sha1-MnzMUIaoeFSYWxz5wgkNn+MNYOc=",
      "requires": {
        "lit-element": "^2.3.1",
        "wired-icon-button": "^2.1.0",
        "wired-lib": "^2.1.0",
        "wired-progress": "^2.1.0",
        "wired-slider": "^2.1.2"
      }
    }
  }
}
